
Microsoft Visual Studio Solution File, Format Version 12.00
# Visual Studio Version 17
VisualStudioVersion = 17.0.31717.71
MinimumVisualStudioVersion = 10.0.40219.1
Project("{9A19103F-16F7-4668-BE54-9A1E7A4F7556}") = "_build", "build\_build.csproj", "{EAC38238-035E-4D58-B4D8-7CB66AC6C53A}"
EndProject
Project("{9A19103F-16F7-4668-BE54-9A1E7A4F7556}") = "Esc.Sdk.Cli", "src\Esc.Sdk.Cli\Esc.Sdk.Cli.csproj", "{960B58CE-8A72-4E32-BBA0-90CFEEC89012}"
EndProject
Project("{9A19103F-16F7-4668-BE54-9A1E7A4F7556}") = "Esc.Sdk.Cli.Tests", "src\Esc.Sdk.Cli.Tests\Esc.Sdk.Cli.Tests.csproj", "{E51630E3-072C-4DDC-8C40-2B416A80F8D0}"
EndProject
Project("{2150E333-8FDC-42A3-9474-1A3956D46DE8}") = "_SolutionItems", "_SolutionItems", "{C49DD74B-E4DF-4C5A-903C-DFD6F7C99BC7}"
	ProjectSection(SolutionItems) = preProject
		Esc.nuspec = Esc.nuspec
	EndProjectSection
EndProject
Global
	GlobalSection(SolutionConfigurationPlatforms) = preSolution
		Debug|Any CPU = Debug|Any CPU
		Release|Any CPU = Release|Any CPU
	EndGlobalSection
	GlobalSection(ProjectConfigurationPlatforms) = postSolution
		{EAC38238-035E-4D58-B4D8-7CB66AC6C53A}.Debug|Any CPU.ActiveCfg = Debug|Any CPU
		{EAC38238-035E-4D58-B4D8-7CB66AC6C53A}.Release|Any CPU.ActiveCfg = Release|Any CPU
		{960B58CE-8A72-4E32-BBA0-90CFEEC89012}.Debug|Any CPU.ActiveCfg = Debug|Any CPU
		{960B58CE-8A72-4E32-BBA0-90CFEEC89012}.Debug|Any CPU.Build.0 = Debug|Any CPU
		{960B58CE-8A72-4E32-BBA0-90CFEEC89012}.Release|Any CPU.ActiveCfg = Release|Any CPU
		{960B58CE-8A72-4E32-BBA0-90CFEEC89012}.Release|Any CPU.Build.0 = Release|Any CPU
		{E51630E3-072C-4DDC-8C40-2B416A80F8D0}.Debug|Any CPU.ActiveCfg = Debug|Any CPU
		{E51630E3-072C-4DDC-8C40-2B416A80F8D0}.Debug|Any CPU.Build.0 = Debug|Any CPU
		{E51630E3-072C-4DDC-8C40-2B416A80F8D0}.Release|Any CPU.ActiveCfg = Release|Any CPU
		{E51630E3-072C-4DDC-8C40-2B416A80F8D0}.Release|Any CPU.Build.0 = Release|Any CPU
	EndGlobalSection
	GlobalSection(SolutionProperties) = preSolution
		HideSolutionNode = FALSE
	EndGlobalSection
	GlobalSection(ExtensibilityGlobals) = postSolution
		SolutionGuid = {6D8223F5-7CB2-4AA6-9971-1C0305D90DF7}
	EndGlobalSection
EndGlobal
